// !$*UTF8*$!
{
	archiveVersion = 1;
	classes = {
	};
	objectVersion = 50;
	objects = {

/* Begin PBXBuildFile section */
		26E13AF80C4482E51C4C881B /* LaunchScreen.storyboard in Resources */ = {isa = PBXBuildFile; fileRef = 26E138851D11D10F357F8082 /* LaunchScreen.storyboard */; };
		26E13FF6295E97E6188E50FB /* AppDelegate.m in Sources */ = {isa = PBXBuildFile; fileRef = 26E13BEC4DAA71151465E8FF /* AppDelegate.m */; };
		36FC4D7D210F008200B8E668 /* PlayingCard.m in Sources */ = {isa = PBXBuildFile; fileRef = 36FC4D7C210F008200B8E668 /* PlayingCard.m */; };
		783286912109AC4500355CF6 /* Card.m in Sources */ = {isa = PBXBuildFile; fileRef = 783286902109AC4500355CF6 /* Card.m */; };
		783286942109ADE600355CF6 /* Deck.m in Sources */ = {isa = PBXBuildFile; fileRef = 783286932109ADE600355CF6 /* Deck.m */; };
		784B634921074B20004EBD6B /* CardGameViewController.m in Sources */ = {isa = PBXBuildFile; fileRef = 784B634821074B20004EBD6B /* CardGameViewController.m */; };
		784B634C21074B20004EBD6B /* Main.storyboard in Resources */ = {isa = PBXBuildFile; fileRef = 784B634A21074B20004EBD6B /* Main.storyboard */; };
		784B634E21074B24004EBD6B /* Assets.xcassets in Resources */ = {isa = PBXBuildFile; fileRef = 784B634D21074B24004EBD6B /* Assets.xcassets */; };
		784B635421074B24004EBD6B /* main.m in Sources */ = {isa = PBXBuildFile; fileRef = 784B635321074B24004EBD6B /* main.m */; };
		784B635E21074C82004EBD6B /* Default-568h@2x.png in Resources */ = {isa = PBXBuildFile; fileRef = 784B635D21074C82004EBD6B /* Default-568h@2x.png */; };
/* End PBXBuildFile section */

/* Begin PBXFileReference section */
		26E138851D11D10F357F8082 /* LaunchScreen.storyboard */ = {isa = PBXFileReference; lastKnownFileType = file.storyboard; path = LaunchScreen.storyboard; sourceTree = "<group>"; };
		26E13BA14786EEE95106EDB5 /* Info.plist */ = {isa = PBXFileReference; fileEncoding = 4; lastKnownFileType = text.plist.xml; path = Info.plist; sourceTree = "<group>"; };
		26E13BEC4DAA71151465E8FF /* AppDelegate.m */ = {isa = PBXFileReference; fileEncoding = 4; lastKnownFileType = sourcecode.c.objc; path = AppDelegate.m; sourceTree = "<group>"; };
		26E13FE8E5EF206D660650F9 /* AppDelegate.h */ = {isa = PBXFileReference; fileEncoding = 4; lastKnownFileType = sourcecode.c.h; path = AppDelegate.h; sourceTree = "<group>"; };
		36FC4D7B210F008200B8E668 /* PlayingCard.h */ = {isa = PBXFileReference; lastKnownFileType = sourcecode.c.h; path = PlayingCard.h; sourceTree = "<group>"; };
		36FC4D7C210F008200B8E668 /* PlayingCard.m */ = {isa = PBXFileReference; lastKnownFileType = sourcecode.c.objc; path = PlayingCard.m; sourceTree = "<group>"; };
		7832868F2109AC4500355CF6 /* Card.h */ = {isa = PBXFileReference; lastKnownFileType = sourcecode.c.h; name = Card.h; path = Matchismo/Model/Card.h; sourceTree = SOURCE_ROOT; };
		783286902109AC4500355CF6 /* Card.m */ = {isa = PBXFileReference; lastKnownFileType = sourcecode.c.objc; name = Card.m; path = Matchismo/Model/Card.m; sourceTree = SOURCE_ROOT; };
		783286922109ADE600355CF6 /* Deck.h */ = {isa = PBXFileReference; lastKnownFileType = sourcecode.c.h; path = Deck.h; sourceTree = "<group>"; };
		783286932109ADE600355CF6 /* Deck.m */ = {isa = PBXFileReference; lastKnownFileType = sourcecode.c.objc; path = Deck.m; sourceTree = "<group>"; };
		784B634121074B20004EBD6B /* Matchismo.app */ = {isa = PBXFileReference; explicitFileType = wrapper.application; includeInIndex = 0; path = Matchismo.app; sourceTree = BUILT_PRODUCTS_DIR; };
		784B634721074B20004EBD6B /* CardGameViewController.h */ = {isa = PBXFileReference; lastKnownFileType = sourcecode.c.h; path = CardGameViewController.h; sourceTree = "<group>"; };
		784B634821074B20004EBD6B /* CardGameViewController.m */ = {isa = PBXFileReference; lastKnownFileType = sourcecode.c.objc; path = CardGameViewController.m; sourceTree = "<group>"; };
		784B634B21074B20004EBD6B /* Base */ = {isa = PBXFileReference; lastKnownFileType = file.storyboard; name = Base; path = Base.lproj/Main.storyboard; sourceTree = "<group>"; };
		784B634D21074B24004EBD6B /* Assets.xcassets */ = {isa = PBXFileReference; lastKnownFileType = folder.assetcatalog; path = Assets.xcassets; sourceTree = "<group>"; };
		784B635321074B24004EBD6B /* main.m */ = {isa = PBXFileReference; lastKnownFileType = sourcecode.c.objc; path = main.m; sourceTree = "<group>"; };
		784B635D21074C82004EBD6B /* Default-568h@2x.png */ = {isa = PBXFileReference; lastKnownFileType = image.png; path = "Default-568h@2x.png"; sourceTree = "<group>"; };
/* End PBXFileReference section */

/* Begin PBXFrameworksBuildPhase section */
		784B633E21074B20004EBD6B /* Frameworks */ = {
			isa = PBXFrameworksBuildPhase;
			buildActionMask = 2147483647;
			files = (
			);
			runOnlyForDeploymentPostprocessing = 0;
		};
/* End PBXFrameworksBuildPhase section */

/* Begin PBXGroup section */
		26E13486B818B7040FBE75B4 /* Supporting Files */ = {
			isa = PBXGroup;
			children = (
				26E13BEC4DAA71151465E8FF /* AppDelegate.m */,
				26E13FE8E5EF206D660650F9 /* AppDelegate.h */,
				26E138851D11D10F357F8082 /* LaunchScreen.storyboard */,
			);
			path = "Supporting Files";
			sourceTree = "<group>";
		};
		784B633821074B20004EBD6B = {
			isa = PBXGroup;
			children = (
				784B635D21074C82004EBD6B /* Default-568h@2x.png */,
				784B634321074B20004EBD6B /* Matchismo */,
				784B634221074B20004EBD6B /* Products */,
			);
			sourceTree = "<group>";
		};
		784B634221074B20004EBD6B /* Products */ = {
			isa = PBXGroup;
			children = (
				784B634121074B20004EBD6B /* Matchismo.app */,
			);
			name = Products;
			sourceTree = "<group>";
		};
		784B634321074B20004EBD6B /* Matchismo */ = {
			isa = PBXGroup;
			children = (
				784B634721074B20004EBD6B /* CardGameViewController.h */,
				784B634821074B20004EBD6B /* CardGameViewController.m */,
				784B634A21074B20004EBD6B /* Main.storyboard */,
				784B634D21074B24004EBD6B /* Assets.xcassets */,
				26E13BA14786EEE95106EDB5 /* Info.plist */,
				784B635321074B24004EBD6B /* main.m */,
				26E13486B818B7040FBE75B4 /* Supporting Files */,
				784B63622108898C004EBD6B /* Model */,
			);
			path = Matchismo;
			sourceTree = "<group>";
		};
		784B63622108898C004EBD6B /* Model */ = {
			isa = PBXGroup;
			children = (
				7832868F2109AC4500355CF6 /* Card.h */,
				783286902109AC4500355CF6 /* Card.m */,
				783286922109ADE600355CF6 /* Deck.h */,
				783286932109ADE600355CF6 /* Deck.m */,
				36FC4D7B210F008200B8E668 /* PlayingCard.h */,
				36FC4D7C210F008200B8E668 /* PlayingCard.m */,
			);
			name = Model;
			path = "New Group";
			sourceTree = "<group>";
		};
/* End PBXGroup section */

/* Begin PBXNativeTarget section */
		784B634021074B20004EBD6B /* Matchismo */ = {
			isa = PBXNativeTarget;
			buildConfigurationList = 784B635721074B24004EBD6B /* Build configuration list for PBXNativeTarget "Matchismo" */;
			buildPhases = (
				784B633D21074B20004EBD6B /* Sources */,
				784B633E21074B20004EBD6B /* Frameworks */,
				784B633F21074B20004EBD6B /* Resources */,
			);
			buildRules = (
			);
			dependencies = (
			);
			name = Matchismo;
			productName = Matchismo;
			productReference = 784B634121074B20004EBD6B /* Matchismo.app */;
			productType = "com.apple.product-type.application";
		};
/* End PBXNativeTarget section */

/* Begin PBXProject section */
		784B633921074B20004EBD6B /* Project object */ = {
			isa = PBXProject;
			attributes = {
				LastUpgradeCheck = 0940;
				ORGANIZATIONNAME = Winlentia;
				TargetAttributes = {
					784B634021074B20004EBD6B = {
						CreatedOnToolsVersion = 9.4.1;
					};
				};
			};
			buildConfigurationList = 784B633C21074B20004EBD6B /* Build configuration list for PBXProject "Matchismo" */;
			compatibilityVersion = "Xcode 9.3";
			developmentRegion = en;
			hasScannedForEncodings = 0;
			knownRegions = (
				en,
				Base,
			);
			mainGroup = 784B633821074B20004EBD6B;
			productRefGroup = 784B634221074B20004EBD6B /* Products */;
			projectDirPath = "";
			projectRoot = "";
			targets = (
				784B634021074B20004EBD6B /* Matchismo */,
			);
		};
/* End PBXProject section */

/* Begin PBXResourcesBuildPhase section */
		784B633F21074B20004EBD6B /* Resources */ = {
			isa = PBXResourcesBuildPhase;
			buildActionMask = 2147483647;
			files = (
				784B634E21074B24004EBD6B /* Assets.xcassets in Resources */,
				784B635E21074C82004EBD6B /* Default-568h@2x.png in Resources */,
				784B634C21074B20004EBD6B /* Main.storyboard in Resources */,
				26E13AF80C4482E51C4C881B /* LaunchScreen.storyboard in Resources */,
			);
			runOnlyForDeploymentPostprocessing = 0;
		};
/* End PBXResourcesBuildPhase section */

/* Begin PBXSourcesBuildPhase section */
		784B633D21074B20004EBD6B /* Sources */ = {
			isa = PBXSourcesBuildPhase;
			buildActionMask = 2147483647;
			files = (
				36FC4D7D210F008200B8E668 /* PlayingCard.m in Sources */,
				783286942109ADE600355CF6 /* Deck.m in Sources */,
				784B634921074B20004EBD6B /* CardGameViewController.m in Sources */,
				784B635421074B24004EBD6B /* main.m in Sources */,
				26E13FF6295E97E6188E50FB /* AppDelegate.m in Sources */,
				783286912109AC4500355CF6 /* Card.m in Sources */,
			);
			runOnlyForDeploymentPostprocessing = 0;
		};
/* End PBXSourcesBuildPhase section */

/* Begin PBXVariantGroup section */
		784B634A21074B20004EBD6B /* Main.storyboard */ = {
			isa = PBXVariantGroup;
			children = (
				784B634B21074B20004EBD6B /* Base */,
			);
			name = Main.storyboard;
			sourceTree = "<group>";
		};
/* End PBXVariantGroup section */

/* Begin XCBuildConfiguration section */
		784B635521074B24004EBD6B /* Debug */ = {
			isa = XCBuildConfiguration;
			buildSettings = {
				ALWAYS_SEARCH_USER_PATHS = NO;
				CLANG_ANALYZER_NONNULL = YES;
				CLANG_ANALYZER_NUMBER_OBJECT_CONVERSION = YES_AGGRESSIVE;
				CLANG_CXX_LANGUAGE_STANDARD = "gnu++14";
				CLANG_CXX_LIBRARY = "libc++";
				CLANG_ENABLE_MODULES = YES;
				CLANG_ENABLE_OBJC_ARC = YES;
				CLANG_ENABLE_OBJC_WEAK = YES;
				CLANG_WARN_BLOCK_CAPTURE_AUTORELEASING = YES;
				CLANG_WARN_BOOL_CONVERSION = YES;
				CLANG_WARN_COMMA = YES;
				CLANG_WARN_CONSTANT_CONVERSION = YES;
				CLANG_WARN_DEPRECATED_OBJC_IMPLEMENTATIONS = YES;
				CLANG_WARN_DIRECT_OBJC_ISA_USAGE = YES_ERROR;
				CLANG_WARN_DOCUMENTATION_COMMENTS = YES;
				CLANG_WARN_EMPTY_BODY = YES;
				CLANG_WARN_ENUM_CONVERSION = YES;
				CLANG_WARN_INFINITE_RECURSION = YES;
				CLANG_WARN_INT_CONVERSION = YES;
				CLANG_WARN_NON_LITERAL_NULL_CONVERSION = YES;
				CLANG_WARN_OBJC_IMPLICIT_RETAIN_SELF = YES;
				CLANG_WARN_OBJC_LITERAL_CONVERSION = YES;
				CLANG_WARN_OBJC_ROOT_CLASS = YES_ERROR;
				CLANG_WARN_RANGE_LOOP_ANALYSIS = YES;
				CLANG_WARN_STRICT_PROTOTYPES = YES;
				CLANG_WARN_SUSPICIOUS_MOVE = YES;
				CLANG_WARN_UNGUARDED_AVAILABILITY = YES_AGGRESSIVE;
				CLANG_WARN_UNREACHABLE_CODE = YES;
				CLANG_WARN__DUPLICATE_METHOD_MATCH = YES;
				CODE_SIGN_IDENTITY = "iPhone Developer";
				COPY_PHASE_STRIP = NO;
				DEBUG_INFORMATION_FORMAT = dwarf;
				ENABLE_STRICT_OBJC_MSGSEND = YES;
				ENABLE_TESTABILITY = YES;
				GCC_C_LANGUAGE_STANDARD = gnu11;
				GCC_DYNAMIC_NO_PIC = NO;
				GCC_NO_COMMON_BLOCKS = YES;
				GCC_OPTIMIZATION_LEVEL = 0;
				GCC_PREPROCESSOR_DEFINITIONS = (
					"DEBUG=1",
					"$(inherited)",
				);
				GCC_WARN_64_TO_32_BIT_CONVERSION = YES;
				GCC_WARN_ABOUT_RETURN_TYPE = YES_ERROR;
				GCC_WARN_UNDECLARED_SELECTOR = YES;
				GCC_WARN_UNINITIALIZED_AUTOS = YES_AGGRESSIVE;
				GCC_WARN_UNUSED_FUNCTION = YES;
				GCC_WARN_UNUSED_VARIABLE = YES;
				IPHONEOS_DEPLOYMENT_TARGET = 11.4;
				MTL_ENABLE_DEBUG_INFO = YES;
				ONLY_ACTIVE_ARCH = YES;
				SDKROOT = iphoneos;
			};
			name = Debug;
		};
		784B635621074B24004EBD6B /* Release */ = {
			isa = XCBuildConfiguration;
			buildSettings = {
				ALWAYS_SEARCH_USER_PATHS = NO;
				CLANG_ANALYZER_NONNULL = YES;
				CLANG_ANALYZER_NUMBER_OBJECT_CONVERSION = YES_AGGRESSIVE;
				CLANG_CXX_LANGUAGE_STANDARD = "gnu++14";
				CLANG_CXX_LIBRARY = "libc++";
				CLANG_ENABLE_MODULES = YES;
				CLANG_ENABLE_OBJC_ARC = YES;
				CLANG_ENABLE_OBJC_WEAK = YES;
				CLANG_WARN_BLOCK_CAPTURE_AUTORELEASING = YES;
				CLANG_WARN_BOOL_CONVERSION = YES;
				CLANG_WARN_COMMA = YES;
				CLANG_WARN_CONSTANT_CONVERSION = YES;
				CLANG_WARN_DEPRECATED_OBJC_IMPLEMENTATIONS = YES;
				CLANG_WARN_DIRECT_OBJC_ISA_USAGE = YES_ERROR;
				CLANG_WARN_DOCUMENTATION_COMMENTS = YES;
				CLANG_WARN_EMPTY_BODY = YES;
				CLANG_WARN_ENUM_CONVERSION = YES;
				CLANG_WARN_INFINITE_RECURSION = YES;
				CLANG_WARN_INT_CONVERSION = YES;
				CLANG_WARN_NON_LITERAL_NULL_CONVERSION = YES;
				CLANG_WARN_OBJC_IMPLICIT_RETAIN_SELF = YES;
				CLANG_WARN_OBJC_LITERAL_CONVERSION = YES;
				CLANG_WARN_OBJC_ROOT_CLASS = YES_ERROR;
				CLANG_WARN_RANGE_LOOP_ANALYSIS = YES;
				CLANG_WARN_STRICT_PROTOTYPES = YES;
				CLANG_WARN_SUSPICIOUS_MOVE = YES;
				CLANG_WARN_UNGUARDED_AVAILABILITY = YES_AGGRESSIVE;
				CLANG_WARN_UNREACHABLE_CODE = YES;
				CLANG_WARN__DUPLICATE_METHOD_MATCH = YES;
				CODE_SIGN_IDENTITY = "iPhone Developer";
				COPY_PHASE_STRIP = NO;
				DEBUG_INFORMATION_FORMAT = "dwarf-with-dsym";
				ENABLE_NS_ASSERTIONS = NO;
				ENABLE_STRICT_OBJC_MSGSEND = YES;
				GCC_C_LANGUAGE_STANDARD = gnu11;
				GCC_NO_COMMON_BLOCKS = YES;
				GCC_WARN_64_TO_32_BIT_CONVERSION = YES;
				GCC_WARN_ABOUT_RETURN_TYPE = YES_ERROR;
				GCC_WARN_UNDECLARED_SELECTOR = YES;
				GCC_WARN_UNINITIALIZED_AUTOS = YES_AGGRESSIVE;
				GCC_WARN_UNUSED_FUNCTION = YES;
				GCC_WARN_UNUSED_VARIABLE = YES;
				IPHONEOS_DEPLOYMENT_TARGET = 11.4;
				MTL_ENABLE_DEBUG_INFO = NO;
				SDKROOT = iphoneos;
				VALIDATE_PRODUCT = YES;
			};
			name = Release;
		};
		784B635821074B24004EBD6B /* Debug */ = {
			isa = XCBuildConfiguration;
			buildSettings = {
				ASSETCATALOG_COMPILER_APPICON_NAME = AppIcon;
				CODE_SIGN_STYLE = Automatic;
				DEVELOPMENT_TEAM = 9A26P3RMBN;
				INFOPLIST_FILE = Matchismo/Info.plist;
				LD_RUNPATH_SEARCH_PATHS = (
					"$(inherited)",
					"@executable_path/Frameworks",
				);
				PRODUCT_BUNDLE_IDENTIFIER = com.winlentia.firstapp.Matchismo;
				PRODUCT_NAME = "$(TARGET_NAME)";
				TARGETED_DEVICE_FAMILY = "1,2";
			};
			name = Debug;
		};
		784B635921074B24004EBD6B /* Release */ = {
			isa = XCBuildConfiguration;
			buildSettings = {
				ASSETCATALOG_COMPILER_APPICON_NAME = AppIcon;
				CODE_SIGN_STYLE = Automatic;
				DEVELOPMENT_TEAM = 9A26P3RMBN;
				INFOPLIST_FILE = Matchismo/Info.plist;
				LD_RUNPATH_SEARCH_PATHS = (
					"$(inherited)",
					"@executable_path/Frameworks",
				);
				PRODUCT_BUNDLE_IDENTIFIER = com.winlentia.firstapp.Matchismo;
				PRODUCT_NAME = "$(TARGET_NAME)";
				TARGETED_DEVICE_FAMILY = "1,2";
			};
			name = Release;
		};
/* End XCBuildConfiguration section */

/* Begin XCConfigurationList section */
		784B633C21074B20004EBD6B /* Build configuration list for PBXProject "Matchismo" */ = {
			isa = XCConfigurationList;
			buildConfigurations = (
				784B635521074B24004EBD6B /* Debug */,
				784B635621074B24004EBD6B /* Release */,
			);
			defaultConfigurationIsVisible = 0;
			defaultConfigurationName = Release;
		};
		784B635721074B24004EBD6B /* Build configuration list for PBXNativeTarget "Matchismo" */ = {
			isa = XCConfigurationList;
			buildConfigurations = (
				784B635821074B24004EBD6B /* Debug */,
				784B635921074B24004EBD6B /* Release */,
			);
			defaultConfigurationIsVisible = 0;
			defaultConfigurationName = Release;
		};
/* End XCConfigurationList section */
	};
	rootObject = 784B633921074B20004EBD6B /* Project object */;
}
